{
  "version": 4,
  "terraform_version": "1.6.1",
  "serial": 6,
  "lineage": "bd97a08a-6bb1-bcf8-997a-cfaea92d948c",
  "outputs": {},
  "resources": [
    {
      "mode": "managed",
      "type": "aws_s3_bucket",
      "name": "MyWebsite",
      "provider": "provider[\"registry.terraform.io/hashicorp/aws\"]",
      "instances": [
        {
          "schema_version": 0,
          "attributes": {
            "acceleration_status": "",
            "acl": null,
            "arn": "arn:aws:s3:::rahul-crc-use1-dev-frontend",
            "bucket": "rahul-crc-use1-dev-frontend",
            "bucket_domain_name": "rahul-crc-use1-dev-frontend.s3.amazonaws.com",
            "bucket_prefix": "",
            "bucket_regional_domain_name": "rahul-crc-use1-dev-frontend.s3.us-east-1.amazonaws.com",
            "cors_rule": [],
            "force_destroy": true,
            "grant": [
              {
                "id": "d23407cc3e5d337648e48fa6896995164ec312e758514006fa7e50de04005023",
                "permissions": [
                  "FULL_CONTROL"
                ],
                "type": "CanonicalUser",
                "uri": ""
              }
            ],
            "hosted_zone_id": "Z3AQBSTGFYJSTF",
            "id": "rahul-crc-use1-dev-frontend",
            "lifecycle_rule": [],
            "logging": [],
            "object_lock_configuration": [],
            "object_lock_enabled": false,
            "policy": "",
            "region": "us-east-1",
            "replication_configuration": [],
            "request_payer": "BucketOwner",
            "server_side_encryption_configuration": [
              {
                "rule": [
                  {
                    "apply_server_side_encryption_by_default": [
                      {
                        "kms_master_key_id": "",
                        "sse_algorithm": "AES256"
                      }
                    ],
                    "bucket_key_enabled": false
                  }
                ]
              }
            ],
            "tags": {
              "Application": "Cloud Resume Challenge",
              "Application_Owner": "Rahul Patel",
              "Environment": "Development"
            },
            "tags_all": {
              "Application": "Cloud Resume Challenge",
              "Application_Owner": "Rahul Patel",
              "Environment": "Development"
            },
            "timeouts": null,
            "versioning": [
              {
                "enabled": false,
                "mfa_delete": false
              }
            ],
            "website": [],
            "website_domain": null,
            "website_endpoint": null
          },
          "sensitive_attributes": [],
          "private": "eyJlMmJmYjczMC1lY2FhLTExZTYtOGY4OC0zNDM2M2JjN2M0YzAiOnsiY3JlYXRlIjoxMjAwMDAwMDAwMDAwLCJkZWxldGUiOjM2MDAwMDAwMDAwMDAsInJlYWQiOjEyMDAwMDAwMDAwMDAsInVwZGF0ZSI6MTIwMDAwMDAwMDAwMH19"
        }
      ]
    },
    {
      "mode": "managed",
      "type": "aws_s3_bucket_acl",
      "name": "MyWebsite",
      "provider": "provider[\"registry.terraform.io/hashicorp/aws\"]",
      "instances": [
        {
          "schema_version": 0,
          "attributes": {
            "access_control_policy": [
              {
                "grant": [
                  {
                    "grantee": [
                      {
                        "display_name": "",
                        "email_address": "",
                        "id": "",
                        "type": "Group",
                        "uri": "http://acs.amazonaws.com/groups/global/AllUsers"
                      }
                    ],
                    "permission": "READ"
                  },
                  {
                    "grantee": [
                      {
                        "display_name": "max306704+DEV1",
                        "email_address": "",
                        "id": "d23407cc3e5d337648e48fa6896995164ec312e758514006fa7e50de04005023",
                        "type": "CanonicalUser",
                        "uri": ""
                      }
                    ],
                    "permission": "FULL_CONTROL"
                  }
                ],
                "owner": [
                  {
                    "display_name": "max306704+DEV1",
                    "id": "d23407cc3e5d337648e48fa6896995164ec312e758514006fa7e50de04005023"
                  }
                ]
              }
            ],
            "acl": "public-read",
            "bucket": "rahul-crc-use1-dev-frontend",
            "expected_bucket_owner": "",
            "id": "rahul-crc-use1-dev-frontend,public-read"
          },
          "sensitive_attributes": [],
          "private": "bnVsbA==",
          "dependencies": [
            "aws_s3_bucket.MyWebsite",
            "aws_s3_bucket_ownership_controls.MyWebsite",
            "aws_s3_bucket_public_access_block.MyWebsite"
          ]
        }
      ]
    },
    {
      "mode": "managed",
      "type": "aws_s3_bucket_ownership_controls",
      "name": "MyWebsite",
      "provider": "provider[\"registry.terraform.io/hashicorp/aws\"]",
      "instances": [
        {
          "schema_version": 0,
          "attributes": {
            "bucket": "rahul-crc-use1-dev-frontend",
            "id": "rahul-crc-use1-dev-frontend",
            "rule": [
              {
                "object_ownership": "BucketOwnerPreferred"
              }
            ]
          },
          "sensitive_attributes": [],
          "private": "bnVsbA==",
          "dependencies": [
            "aws_s3_bucket.MyWebsite"
          ]
        }
      ]
    },
    {
      "mode": "managed",
      "type": "aws_s3_bucket_public_access_block",
      "name": "MyWebsite",
      "provider": "provider[\"registry.terraform.io/hashicorp/aws\"]",
      "instances": [
        {
          "schema_version": 0,
          "attributes": {
            "block_public_acls": false,
            "block_public_policy": false,
            "bucket": "rahul-crc-use1-dev-frontend",
            "id": "rahul-crc-use1-dev-frontend",
            "ignore_public_acls": false,
            "restrict_public_buckets": false
          },
          "sensitive_attributes": [],
          "private": "bnVsbA==",
          "dependencies": [
            "aws_s3_bucket.MyWebsite"
          ]
        }
      ]
    }
  ],
  "check_results": null
}
